
Microsoft Visual Studio Solution File, Format Version 12.00
# Visual Studio Version 17
VisualStudioVersion = 17.5.33424.131
MinimumVisualStudioVersion = 10.0.40219.1
Project("{2150E333-8FDC-42A3-9474-1A3956D46DE8}") = "tests", "tests", "{766BE831-F758-46BC-AFD3-BBEEFE0F686F}"
EndProject
Project("{2150E333-8FDC-42A3-9474-1A3956D46DE8}") = "Solution Items", "Solution Items", "{5CA38188-92EE-453C-A04E-A506DF15A787}"
EndProject
Project("{2150E333-8FDC-42A3-9474-1A3956D46DE8}") = "src", "src", "{0D30A51B-814F-474E-93B8-44E9C155255C}"
EndProject
Project("{9A19103F-16F7-4668-BE54-9A1E7A4F7556}") = "Hangfire.PostgreSql", "src\Hangfire.PostgreSql\Hangfire.PostgreSql.csproj", "{3E4DBC41-F38E-4D1C-A6A7-206A132A29D6}"
EndProject
Project("{9A19103F-16F7-4668-BE54-9A1E7A4F7556}") = "Hangfire.PostgreSql.Tests", "tests\Hangfire.PostgreSql.Tests\Hangfire.PostgreSql.Tests.csproj", "{6044A48D-730B-4D1F-B03A-EB2B458DAF53}"
EndProject
Project("{2150E333-8FDC-42A3-9474-1A3956D46DE8}") = "workflows", "workflows", "{AAA78654-9846-4870-A13C-D9DBAF0792C4}"
	ProjectSection(SolutionItems) = preProject
		.github\workflows\ci.yml = .github\workflows\ci.yml
		.github\workflows\pack.yml = .github\workflows\pack.yml
	EndProjectSection
EndProject
Project("{FAE04EC0-301F-11D3-BF4B-00C04F79EFBC}") = "Hangfire.PostgreSql.Azure", "src\Hangfire.PostgreSql.Azure\Hangfire.PostgreSql.Azure.csproj", "{AF77F244-4B8B-4166-88D7-316A92CBABF5}"
EndProject
Global
	GlobalSection(SolutionConfigurationPlatforms) = preSolution
		Debug|Any CPU = Debug|Any CPU
		Release|Any CPU = Release|Any CPU
	EndGlobalSection
	GlobalSection(ProjectConfigurationPlatforms) = postSolution
		{3E4DBC41-F38E-4D1C-A6A7-206A132A29D6}.Debug|Any CPU.ActiveCfg = Debug|Any CPU
		{3E4DBC41-F38E-4D1C-A6A7-206A132A29D6}.Debug|Any CPU.Build.0 = Debug|Any CPU
		{3E4DBC41-F38E-4D1C-A6A7-206A132A29D6}.Release|Any CPU.ActiveCfg = Release|Any CPU
		{3E4DBC41-F38E-4D1C-A6A7-206A132A29D6}.Release|Any CPU.Build.0 = Release|Any CPU
		{6044A48D-730B-4D1F-B03A-EB2B458DAF53}.Debug|Any CPU.ActiveCfg = Debug|Any CPU
		{6044A48D-730B-4D1F-B03A-EB2B458DAF53}.Debug|Any CPU.Build.0 = Debug|Any CPU
		{6044A48D-730B-4D1F-B03A-EB2B458DAF53}.Release|Any CPU.ActiveCfg = Release|Any CPU
		{6044A48D-730B-4D1F-B03A-EB2B458DAF53}.Release|Any CPU.Build.0 = Release|Any CPU
		{AF77F244-4B8B-4166-88D7-316A92CBABF5}.Debug|Any CPU.ActiveCfg = Debug|Any CPU
		{AF77F244-4B8B-4166-88D7-316A92CBABF5}.Debug|Any CPU.Build.0 = Debug|Any CPU
		{AF77F244-4B8B-4166-88D7-316A92CBABF5}.Release|Any CPU.ActiveCfg = Release|Any CPU
		{AF77F244-4B8B-4166-88D7-316A92CBABF5}.Release|Any CPU.Build.0 = Release|Any CPU
	EndGlobalSection
	GlobalSection(SolutionProperties) = preSolution
		HideSolutionNode = FALSE
	EndGlobalSection
	GlobalSection(NestedProjects) = preSolution
		{3E4DBC41-F38E-4D1C-A6A7-206A132A29D6} = {0D30A51B-814F-474E-93B8-44E9C155255C}
		{6044A48D-730B-4D1F-B03A-EB2B458DAF53} = {766BE831-F758-46BC-AFD3-BBEEFE0F686F}
		{AAA78654-9846-4870-A13C-D9DBAF0792C4} = {5CA38188-92EE-453C-A04E-A506DF15A787}
		{AF77F244-4B8B-4166-88D7-316A92CBABF5} = {0D30A51B-814F-474E-93B8-44E9C155255C}
	EndGlobalSection
	GlobalSection(ExtensibilityGlobals) = postSolution
		SolutionGuid = {F7E32105-7F61-4127-8517-5E4275B9CABE}
	EndGlobalSection
EndGlobal
